// !$*UTF8*$!
{
	archiveVersion = 1;
	classes = {
	};
	objectVersion = 56;
	objects = {

/* Begin PBXBuildFile section */
		5115F9142BA957A80050F22D /* ChartView.swift in Sources */ = {isa = PBXBuildFile; fileRef = 5115F9132BA957A80050F22D /* ChartView.swift */; };
		5115F9172BA984CE0050F22D /* DGCharts in Frameworks */ = {isa = PBXBuildFile; productRef = 5115F9162BA984CE0050F22D /* DGCharts */; };
		5115F91C2BA9AE5A0050F22D /* DegreesValueFormatter.swift in Sources */ = {isa = PBXBuildFile; fileRef = 5115F91B2BA9AE5A0050F22D /* DegreesValueFormatter.swift */; };
		5115F91E2BAAB6520050F22D /* ForecastCollectionViewCell.swift in Sources */ = {isa = PBXBuildFile; fileRef = 5115F91D2BAAB6520050F22D /* ForecastCollectionViewCell.swift */; };
		5115F9222BAC67190050F22D /* ForecastCollectionView.swift in Sources */ = {isa = PBXBuildFile; fileRef = 5115F9212BAC67190050F22D /* ForecastCollectionView.swift */; };
		5115F9242BAC69890050F22D /* DetailsView.swift in Sources */ = {isa = PBXBuildFile; fileRef = 5115F9232BAC69890050F22D /* DetailsView.swift */; };
		513282C42BA41491004158F1 /* APIError.swift in Sources */ = {isa = PBXBuildFile; fileRef = 513282C32BA41491004158F1 /* APIError.swift */; };
		5164674C2BA2F64100B3C7E3 /* AppDelegate.swift in Sources */ = {isa = PBXBuildFile; fileRef = 5164674B2BA2F64100B3C7E3 /* AppDelegate.swift */; };
		5164674E2BA2F64100B3C7E3 /* SceneDelegate.swift in Sources */ = {isa = PBXBuildFile; fileRef = 5164674D2BA2F64100B3C7E3 /* SceneDelegate.swift */; };
		516467502BA2F64100B3C7E3 /* CurrentWeatherVC.swift in Sources */ = {isa = PBXBuildFile; fileRef = 5164674F2BA2F64100B3C7E3 /* CurrentWeatherVC.swift */; };
		516467552BA2F64300B3C7E3 /* Assets.xcassets in Resources */ = {isa = PBXBuildFile; fileRef = 516467542BA2F64300B3C7E3 /* Assets.xcassets */; };
		516467582BA2F64300B3C7E3 /* Base in Resources */ = {isa = PBXBuildFile; fileRef = 516467572BA2F64300B3C7E3 /* Base */; };
		516467602BA2F6BC00B3C7E3 /* .gitignore in Resources */ = {isa = PBXBuildFile; fileRef = 5164675F2BA2F6BC00B3C7E3 /* .gitignore */; };
		516467672BA2FB3A00B3C7E3 /* CurrentWeatherView.swift in Sources */ = {isa = PBXBuildFile; fileRef = 516467662BA2FB3A00B3C7E3 /* CurrentWeatherView.swift */; };
		516467692BA2FC5F00B3C7E3 /* NetworkServiceProtocol.swift in Sources */ = {isa = PBXBuildFile; fileRef = 516467682BA2FC5F00B3C7E3 /* NetworkServiceProtocol.swift */; };
		5164676B2BA2FCC800B3C7E3 /* OpenWeatherNetworkService.swift in Sources */ = {isa = PBXBuildFile; fileRef = 5164676A2BA2FCC800B3C7E3 /* OpenWeatherNetworkService.swift */; };
		5164676D2BA2FD3B00B3C7E3 /* WeatherModelProtocol.swift in Sources */ = {isa = PBXBuildFile; fileRef = 5164676C2BA2FD3B00B3C7E3 /* WeatherModelProtocol.swift */; };
		5164676F2BA2FD8400B3C7E3 /* OpenWeatherModel.swift in Sources */ = {isa = PBXBuildFile; fileRef = 5164676E2BA2FD8400B3C7E3 /* OpenWeatherModel.swift */; };
		516467712BA300A300B3C7E3 /* APIKey.swift in Sources */ = {isa = PBXBuildFile; fileRef = 516467702BA300A300B3C7E3 /* APIKey.swift */; };
		516467742BA3082800B3C7E3 /* Inter-VariableFont.ttf in Resources */ = {isa = PBXBuildFile; fileRef = 516467732BA3082800B3C7E3 /* Inter-VariableFont.ttf */; };
		516467762BA33E0100B3C7E3 /* WeatherResponse.swift in Sources */ = {isa = PBXBuildFile; fileRef = 516467752BA33E0100B3C7E3 /* WeatherResponse.swift */; };
		51B931612BB1517300F077D7 /* ChartViewDelegate.swift in Sources */ = {isa = PBXBuildFile; fileRef = 51B931602BB1517300F077D7 /* ChartViewDelegate.swift */; };
		51B931632BB17CB300F077D7 /* UIImage+Resize.swift in Sources */ = {isa = PBXBuildFile; fileRef = 51B931622BB17CB300F077D7 /* UIImage+Resize.swift */; };
		51BB8E3C2BA859540058D09F /* UIView+Animation.swift in Sources */ = {isa = PBXBuildFile; fileRef = 51BB8E3B2BA859540058D09F /* UIView+Animation.swift */; };
		51BB8E3E2BA85B180058D09F /* CurrentWeatherViewDelegate.swift in Sources */ = {isa = PBXBuildFile; fileRef = 51BB8E3D2BA85B180058D09F /* CurrentWeatherViewDelegate.swift */; };
		51CE482B2BAD6C3A006FB320 /* DetailItemView.swift in Sources */ = {isa = PBXBuildFile; fileRef = 51CE482A2BAD6C3A006FB320 /* DetailItemView.swift */; };
/* End PBXBuildFile section */

/* Begin PBXFileReference section */
		5115F9132BA957A80050F22D /* ChartView.swift */ = {isa = PBXFileReference; lastKnownFileType = sourcecode.swift; path = ChartView.swift; sourceTree = "<group>"; };
		5115F91B2BA9AE5A0050F22D /* DegreesValueFormatter.swift */ = {isa = PBXFileReference; lastKnownFileType = sourcecode.swift; path = DegreesValueFormatter.swift; sourceTree = "<group>"; };
		5115F91D2BAAB6520050F22D /* ForecastCollectionViewCell.swift */ = {isa = PBXFileReference; lastKnownFileType = sourcecode.swift; path = ForecastCollectionViewCell.swift; sourceTree = "<group>"; };
		5115F9212BAC67190050F22D /* ForecastCollectionView.swift */ = {isa = PBXFileReference; lastKnownFileType = sourcecode.swift; path = ForecastCollectionView.swift; sourceTree = "<group>"; };
		5115F9232BAC69890050F22D /* DetailsView.swift */ = {isa = PBXFileReference; lastKnownFileType = sourcecode.swift; path = DetailsView.swift; sourceTree = "<group>"; };
		513282C32BA41491004158F1 /* APIError.swift */ = {isa = PBXFileReference; lastKnownFileType = sourcecode.swift; path = APIError.swift; sourceTree = "<group>"; };
		516467482BA2F64100B3C7E3 /* Weather.app */ = {isa = PBXFileReference; explicitFileType = wrapper.application; includeInIndex = 0; path = Weather.app; sourceTree = BUILT_PRODUCTS_DIR; };
		5164674B2BA2F64100B3C7E3 /* AppDelegate.swift */ = {isa = PBXFileReference; lastKnownFileType = sourcecode.swift; path = AppDelegate.swift; sourceTree = "<group>"; };
		5164674D2BA2F64100B3C7E3 /* SceneDelegate.swift */ = {isa = PBXFileReference; lastKnownFileType = sourcecode.swift; path = SceneDelegate.swift; sourceTree = "<group>"; };
		5164674F2BA2F64100B3C7E3 /* CurrentWeatherVC.swift */ = {isa = PBXFileReference; lastKnownFileType = sourcecode.swift; path = CurrentWeatherVC.swift; sourceTree = "<group>"; };
		516467542BA2F64300B3C7E3 /* Assets.xcassets */ = {isa = PBXFileReference; lastKnownFileType = folder.assetcatalog; path = Assets.xcassets; sourceTree = "<group>"; };
		516467572BA2F64300B3C7E3 /* Base */ = {isa = PBXFileReference; lastKnownFileType = file.storyboard; name = Base; path = Base.lproj/LaunchScreen.storyboard; sourceTree = "<group>"; };
		516467592BA2F64300B3C7E3 /* Info.plist */ = {isa = PBXFileReference; lastKnownFileType = text.plist.xml; path = Info.plist; sourceTree = "<group>"; };
		5164675F2BA2F6BC00B3C7E3 /* .gitignore */ = {isa = PBXFileReference; lastKnownFileType = text; path = .gitignore; sourceTree = "<group>"; };
		516467662BA2FB3A00B3C7E3 /* CurrentWeatherView.swift */ = {isa = PBXFileReference; lastKnownFileType = sourcecode.swift; path = CurrentWeatherView.swift; sourceTree = "<group>"; };
		516467682BA2FC5F00B3C7E3 /* NetworkServiceProtocol.swift */ = {isa = PBXFileReference; lastKnownFileType = sourcecode.swift; path = NetworkServiceProtocol.swift; sourceTree = "<group>"; };
		5164676A2BA2FCC800B3C7E3 /* OpenWeatherNetworkService.swift */ = {isa = PBXFileReference; lastKnownFileType = sourcecode.swift; path = OpenWeatherNetworkService.swift; sourceTree = "<group>"; };
		5164676C2BA2FD3B00B3C7E3 /* WeatherModelProtocol.swift */ = {isa = PBXFileReference; lastKnownFileType = sourcecode.swift; path = WeatherModelProtocol.swift; sourceTree = "<group>"; };
		5164676E2BA2FD8400B3C7E3 /* OpenWeatherModel.swift */ = {isa = PBXFileReference; lastKnownFileType = sourcecode.swift; path = OpenWeatherModel.swift; sourceTree = "<group>"; };
		516467702BA300A300B3C7E3 /* APIKey.swift */ = {isa = PBXFileReference; lastKnownFileType = sourcecode.swift; path = APIKey.swift; sourceTree = "<group>"; };
		516467732BA3082800B3C7E3 /* Inter-VariableFont.ttf */ = {isa = PBXFileReference; lastKnownFileType = file; path = "Inter-VariableFont.ttf"; sourceTree = "<group>"; };
		516467752BA33E0100B3C7E3 /* WeatherResponse.swift */ = {isa = PBXFileReference; lastKnownFileType = sourcecode.swift; path = WeatherResponse.swift; sourceTree = "<group>"; };
		51B931602BB1517300F077D7 /* ChartViewDelegate.swift */ = {isa = PBXFileReference; lastKnownFileType = sourcecode.swift; path = ChartViewDelegate.swift; sourceTree = "<group>"; };
		51B931622BB17CB300F077D7 /* UIImage+Resize.swift */ = {isa = PBXFileReference; lastKnownFileType = sourcecode.swift; path = "UIImage+Resize.swift"; sourceTree = "<group>"; };
		51BB8E3B2BA859540058D09F /* UIView+Animation.swift */ = {isa = PBXFileReference; lastKnownFileType = sourcecode.swift; path = "UIView+Animation.swift"; sourceTree = "<group>"; };
		51BB8E3D2BA85B180058D09F /* CurrentWeatherViewDelegate.swift */ = {isa = PBXFileReference; lastKnownFileType = sourcecode.swift; path = CurrentWeatherViewDelegate.swift; sourceTree = "<group>"; };
		51CE482A2BAD6C3A006FB320 /* DetailItemView.swift */ = {isa = PBXFileReference; lastKnownFileType = sourcecode.swift; path = DetailItemView.swift; sourceTree = "<group>"; };
/* End PBXFileReference section */

/* Begin PBXFrameworksBuildPhase section */
		516467452BA2F64100B3C7E3 /* Frameworks */ = {
			isa = PBXFrameworksBuildPhase;
			buildActionMask = 2147483647;
			files = (
				5115F9172BA984CE0050F22D /* DGCharts in Frameworks */,
			);
			runOnlyForDeploymentPostprocessing = 0;
		};
/* End PBXFrameworksBuildPhase section */

/* Begin PBXGroup section */
		5115F91F2BAC66AD0050F22D /* ChartView */ = {
			isa = PBXGroup;
			children = (
				5115F9132BA957A80050F22D /* ChartView.swift */,
				5115F91B2BA9AE5A0050F22D /* DegreesValueFormatter.swift */,
				51B931602BB1517300F077D7 /* ChartViewDelegate.swift */,
			);
			path = ChartView;
			sourceTree = "<group>";
		};
		5115F9202BAC66C00050F22D /* ForecastColletionView */ = {
			isa = PBXGroup;
			children = (
				5115F91D2BAAB6520050F22D /* ForecastCollectionViewCell.swift */,
				5115F9212BAC67190050F22D /* ForecastCollectionView.swift */,
			);
			path = ForecastColletionView;
			sourceTree = "<group>";
		};
		5164673F2BA2F64100B3C7E3 = {
			isa = PBXGroup;
			children = (
				5164675F2BA2F6BC00B3C7E3 /* .gitignore */,
				5164674A2BA2F64100B3C7E3 /* Weather */,
				516467492BA2F64100B3C7E3 /* Products */,
			);
			sourceTree = "<group>";
		};
		516467492BA2F64100B3C7E3 /* Products */ = {
			isa = PBXGroup;
			children = (
				516467482BA2F64100B3C7E3 /* Weather.app */,
			);
			name = Products;
			sourceTree = "<group>";
		};
		5164674A2BA2F64100B3C7E3 /* Weather */ = {
			isa = PBXGroup;
			children = (
				516467612BA2FA5300B3C7E3 /* Application */,
				516467622BA2FAB500B3C7E3 /* Views */,
				516467632BA2FAC900B3C7E3 /* Controllers */,
				516467652BA2FB1400B3C7E3 /* Models */,
				516467642BA2FAEC00B3C7E3 /* Services */,
				51BB8E3A2BA859400058D09F /* Extensions */,
				516467722BA307C300B3C7E3 /* Fonts */,
				516467542BA2F64300B3C7E3 /* Assets.xcassets */,
				516467562BA2F64300B3C7E3 /* LaunchScreen.storyboard */,
				516467592BA2F64300B3C7E3 /* Info.plist */,
				516467702BA300A300B3C7E3 /* APIKey.swift */,
			);
			path = Weather;
			sourceTree = "<group>";
		};
		516467612BA2FA5300B3C7E3 /* Application */ = {
			isa = PBXGroup;
			children = (
				5164674B2BA2F64100B3C7E3 /* AppDelegate.swift */,
				5164674D2BA2F64100B3C7E3 /* SceneDelegate.swift */,
			);
			path = Application;
			sourceTree = "<group>";
		};
		516467622BA2FAB500B3C7E3 /* Views */ = {
			isa = PBXGroup;
			children = (
				516467662BA2FB3A00B3C7E3 /* CurrentWeatherView.swift */,
				51BB8E3D2BA85B180058D09F /* CurrentWeatherViewDelegate.swift */,
				5115F91F2BAC66AD0050F22D /* ChartView */,
				5115F9202BAC66C00050F22D /* ForecastColletionView */,
				51CE48252BAD5D30006FB320 /* DetailsView */,
			);
			path = Views;
			sourceTree = "<group>";
		};
		516467632BA2FAC900B3C7E3 /* Controllers */ = {
			isa = PBXGroup;
			children = (
				5164674F2BA2F64100B3C7E3 /* CurrentWeatherVC.swift */,
			);
			path = Controllers;
			sourceTree = "<group>";
		};
		516467642BA2FAEC00B3C7E3 /* Services */ = {
			isa = PBXGroup;
			children = (
				516467682BA2FC5F00B3C7E3 /* NetworkServiceProtocol.swift */,
				5164676A2BA2FCC800B3C7E3 /* OpenWeatherNetworkService.swift */,
				513282C32BA41491004158F1 /* APIError.swift */,
			);
			path = Services;
			sourceTree = "<group>";
		};
		516467652BA2FB1400B3C7E3 /* Models */ = {
			isa = PBXGroup;
			children = (
				5164676C2BA2FD3B00B3C7E3 /* WeatherModelProtocol.swift */,
				5164676E2BA2FD8400B3C7E3 /* OpenWeatherModel.swift */,
				516467752BA33E0100B3C7E3 /* WeatherResponse.swift */,
			);
			path = Models;
			sourceTree = "<group>";
		};
		516467722BA307C300B3C7E3 /* Fonts */ = {
			isa = PBXGroup;
			children = (
				516467732BA3082800B3C7E3 /* Inter-VariableFont.ttf */,
			);
			path = Fonts;
			sourceTree = "<group>";
		};
		51BB8E3A2BA859400058D09F /* Extensions */ = {
			isa = PBXGroup;
			children = (
				51BB8E3B2BA859540058D09F /* UIView+Animation.swift */,
				51B931622BB17CB300F077D7 /* UIImage+Resize.swift */,
			);
			path = Extensions;
			sourceTree = "<group>";
		};
		51CE48252BAD5D30006FB320 /* DetailsView */ = {
			isa = PBXGroup;
			children = (
				5115F9232BAC69890050F22D /* DetailsView.swift */,
				51CE482A2BAD6C3A006FB320 /* DetailItemView.swift */,
			);
			path = DetailsView;
			sourceTree = "<group>";
		};
/* End PBXGroup section */

/* Begin PBXNativeTarget section */
		516467472BA2F64100B3C7E3 /* Weather */ = {
			isa = PBXNativeTarget;
			buildConfigurationList = 5164675C2BA2F64300B3C7E3 /* Build configuration list for PBXNativeTarget "Weather" */;
			buildPhases = (
				516467442BA2F64100B3C7E3 /* Sources */,
				516467452BA2F64100B3C7E3 /* Frameworks */,
				516467462BA2F64100B3C7E3 /* Resources */,
			);
			buildRules = (
			);
			dependencies = (
			);
			name = Weather;
			packageProductDependencies = (
				5115F9162BA984CE0050F22D /* DGCharts */,
			);
			productName = Weather;
			productReference = 516467482BA2F64100B3C7E3 /* Weather.app */;
			productType = "com.apple.product-type.application";
		};
/* End PBXNativeTarget section */

/* Begin PBXProject section */
		516467402BA2F64100B3C7E3 /* Project object */ = {
			isa = PBXProject;
			attributes = {
				BuildIndependentTargetsInParallel = 1;
				LastSwiftUpdateCheck = 1530;
				LastUpgradeCheck = 1530;
				TargetAttributes = {
					516467472BA2F64100B3C7E3 = {
						CreatedOnToolsVersion = 15.3;
					};
				};
			};
			buildConfigurationList = 516467432BA2F64100B3C7E3 /* Build configuration list for PBXProject "Weather" */;
			compatibilityVersion = "Xcode 14.0";
			developmentRegion = en;
			hasScannedForEncodings = 0;
			knownRegions = (
				en,
				Base,
			);
			mainGroup = 5164673F2BA2F64100B3C7E3;
			packageReferences = (
				5115F9152BA984CE0050F22D /* XCRemoteSwiftPackageReference "Charts" */,
			);
			productRefGroup = 516467492BA2F64100B3C7E3 /* Products */;
			projectDirPath = "";
			projectRoot = "";
			targets = (
				516467472BA2F64100B3C7E3 /* Weather */,
			);
		};
/* End PBXProject section */

/* Begin PBXResourcesBuildPhase section */
		516467462BA2F64100B3C7E3 /* Resources */ = {
			isa = PBXResourcesBuildPhase;
			buildActionMask = 2147483647;
			files = (
				516467742BA3082800B3C7E3 /* Inter-VariableFont.ttf in Resources */,
				516467552BA2F64300B3C7E3 /* Assets.xcassets in Resources */,
				516467602BA2F6BC00B3C7E3 /* .gitignore in Resources */,
				516467582BA2F64300B3C7E3 /* Base in Resources */,
			);
			runOnlyForDeploymentPostprocessing = 0;
		};
/* End PBXResourcesBuildPhase section */

/* Begin PBXSourcesBuildPhase section */
		516467442BA2F64100B3C7E3 /* Sources */ = {
			isa = PBXSourcesBuildPhase;
			buildActionMask = 2147483647;
			files = (
				516467692BA2FC5F00B3C7E3 /* NetworkServiceProtocol.swift in Sources */,
				5115F9222BAC67190050F22D /* ForecastCollectionView.swift in Sources */,
				5115F91C2BA9AE5A0050F22D /* DegreesValueFormatter.swift in Sources */,
				5115F91E2BAAB6520050F22D /* ForecastCollectionViewCell.swift in Sources */,
				516467502BA2F64100B3C7E3 /* CurrentWeatherVC.swift in Sources */,
				51CE482B2BAD6C3A006FB320 /* DetailItemView.swift in Sources */,
				51B931612BB1517300F077D7 /* ChartViewDelegate.swift in Sources */,
				516467672BA2FB3A00B3C7E3 /* CurrentWeatherView.swift in Sources */,
				5115F9142BA957A80050F22D /* ChartView.swift in Sources */,
				5164674C2BA2F64100B3C7E3 /* AppDelegate.swift in Sources */,
				516467762BA33E0100B3C7E3 /* WeatherResponse.swift in Sources */,
				51BB8E3C2BA859540058D09F /* UIView+Animation.swift in Sources */,
				51BB8E3E2BA85B180058D09F /* CurrentWeatherViewDelegate.swift in Sources */,
				5115F9242BAC69890050F22D /* DetailsView.swift in Sources */,
				51B931632BB17CB300F077D7 /* UIImage+Resize.swift in Sources */,
				5164676F2BA2FD8400B3C7E3 /* OpenWeatherModel.swift in Sources */,
				5164674E2BA2F64100B3C7E3 /* SceneDelegate.swift in Sources */,
				5164676D2BA2FD3B00B3C7E3 /* WeatherModelProtocol.swift in Sources */,
				516467712BA300A300B3C7E3 /* APIKey.swift in Sources */,
				5164676B2BA2FCC800B3C7E3 /* OpenWeatherNetworkService.swift in Sources */,
				513282C42BA41491004158F1 /* APIError.swift in Sources */,
			);
			runOnlyForDeploymentPostprocessing = 0;
		};
/* End PBXSourcesBuildPhase section */

/* Begin PBXVariantGroup section */
		516467562BA2F64300B3C7E3 /* LaunchScreen.storyboard */ = {
			isa = PBXVariantGroup;
			children = (
				516467572BA2F64300B3C7E3 /* Base */,
			);
			name = LaunchScreen.storyboard;
			sourceTree = "<group>";
		};
/* End PBXVariantGroup section */

/* Begin XCBuildConfiguration section */
		5164675A2BA2F64300B3C7E3 /* Debug */ = {
			isa = XCBuildConfiguration;
			buildSettings = {
				ALWAYS_SEARCH_USER_PATHS = NO;
				ASSETCATALOG_COMPILER_GENERATE_SWIFT_ASSET_SYMBOL_EXTENSIONS = YES;
				CLANG_ANALYZER_NONNULL = YES;
				CLANG_ANALYZER_NUMBER_OBJECT_CONVERSION = YES_AGGRESSIVE;
				CLANG_CXX_LANGUAGE_STANDARD = "gnu++20";
				CLANG_ENABLE_MODULES = YES;
				CLANG_ENABLE_OBJC_ARC = YES;
				CLANG_ENABLE_OBJC_WEAK = YES;
				CLANG_WARN_BLOCK_CAPTURE_AUTORELEASING = YES;
				CLANG_WARN_BOOL_CONVERSION = YES;
				CLANG_WARN_COMMA = YES;
				CLANG_WARN_CONSTANT_CONVERSION = YES;
				CLANG_WARN_DEPRECATED_OBJC_IMPLEMENTATIONS = YES;
				CLANG_WARN_DIRECT_OBJC_ISA_USAGE = YES_ERROR;
				CLANG_WARN_DOCUMENTATION_COMMENTS = YES;
				CLANG_WARN_EMPTY_BODY = YES;
				CLANG_WARN_ENUM_CONVERSION = YES;
				CLANG_WARN_INFINITE_RECURSION = YES;
				CLANG_WARN_INT_CONVERSION = YES;
				CLANG_WARN_NON_LITERAL_NULL_CONVERSION = YES;
				CLANG_WARN_OBJC_IMPLICIT_RETAIN_SELF = YES;
				CLANG_WARN_OBJC_LITERAL_CONVERSION = YES;
				CLANG_WARN_OBJC_ROOT_CLASS = YES_ERROR;
				CLANG_WARN_QUOTED_INCLUDE_IN_FRAMEWORK_HEADER = YES;
				CLANG_WARN_RANGE_LOOP_ANALYSIS = YES;
				CLANG_WARN_STRICT_PROTOTYPES = YES;
				CLANG_WARN_SUSPICIOUS_MOVE = YES;
				CLANG_WARN_UNGUARDED_AVAILABILITY = YES_AGGRESSIVE;
				CLANG_WARN_UNREACHABLE_CODE = YES;
				CLANG_WARN__DUPLICATE_METHOD_MATCH = YES;
				COPY_PHASE_STRIP = NO;
				DEBUG_INFORMATION_FORMAT = dwarf;
				ENABLE_STRICT_OBJC_MSGSEND = YES;
				ENABLE_TESTABILITY = YES;
				ENABLE_USER_SCRIPT_SANDBOXING = YES;
				GCC_C_LANGUAGE_STANDARD = gnu17;
				GCC_DYNAMIC_NO_PIC = NO;
				GCC_NO_COMMON_BLOCKS = YES;
				GCC_OPTIMIZATION_LEVEL = 0;
				GCC_PREPROCESSOR_DEFINITIONS = (
					"DEBUG=1",
					"$(inherited)",
				);
				GCC_WARN_64_TO_32_BIT_CONVERSION = YES;
				GCC_WARN_ABOUT_RETURN_TYPE = YES_ERROR;
				GCC_WARN_UNDECLARED_SELECTOR = YES;
				GCC_WARN_UNINITIALIZED_AUTOS = YES_AGGRESSIVE;
				GCC_WARN_UNUSED_FUNCTION = YES;
				GCC_WARN_UNUSED_VARIABLE = YES;
				IPHONEOS_DEPLOYMENT_TARGET = 15.0;
				LOCALIZATION_PREFERS_STRING_CATALOGS = YES;
				MTL_ENABLE_DEBUG_INFO = INCLUDE_SOURCE;
				MTL_FAST_MATH = YES;
				ONLY_ACTIVE_ARCH = YES;
				SDKROOT = iphoneos;
				SWIFT_ACTIVE_COMPILATION_CONDITIONS = "DEBUG $(inherited)";
				SWIFT_OPTIMIZATION_LEVEL = "-Onone";
			};
			name = Debug;
		};
		5164675B2BA2F64300B3C7E3 /* Release */ = {
			isa = XCBuildConfiguration;
			buildSettings = {
				ALWAYS_SEARCH_USER_PATHS = NO;
				ASSETCATALOG_COMPILER_GENERATE_SWIFT_ASSET_SYMBOL_EXTENSIONS = YES;
				CLANG_ANALYZER_NONNULL = YES;
				CLANG_ANALYZER_NUMBER_OBJECT_CONVERSION = YES_AGGRESSIVE;
				CLANG_CXX_LANGUAGE_STANDARD = "gnu++20";
				CLANG_ENABLE_MODULES = YES;
				CLANG_ENABLE_OBJC_ARC = YES;
				CLANG_ENABLE_OBJC_WEAK = YES;
				CLANG_WARN_BLOCK_CAPTURE_AUTORELEASING = YES;
				CLANG_WARN_BOOL_CONVERSION = YES;
				CLANG_WARN_COMMA = YES;
				CLANG_WARN_CONSTANT_CONVERSION = YES;
				CLANG_WARN_DEPRECATED_OBJC_IMPLEMENTATIONS = YES;
				CLANG_WARN_DIRECT_OBJC_ISA_USAGE = YES_ERROR;
				CLANG_WARN_DOCUMENTATION_COMMENTS = YES;
				CLANG_WARN_EMPTY_BODY = YES;
				CLANG_WARN_ENUM_CONVERSION = YES;
				CLANG_WARN_INFINITE_RECURSION = YES;
				CLANG_WARN_INT_CONVERSION = YES;
				CLANG_WARN_NON_LITERAL_NULL_CONVERSION = YES;
				CLANG_WARN_OBJC_IMPLICIT_RETAIN_SELF = YES;
				CLANG_WARN_OBJC_LITERAL_CONVERSION = YES;
				CLANG_WARN_OBJC_ROOT_CLASS = YES_ERROR;
				CLANG_WARN_QUOTED_INCLUDE_IN_FRAMEWORK_HEADER = YES;
				CLANG_WARN_RANGE_LOOP_ANALYSIS = YES;
				CLANG_WARN_STRICT_PROTOTYPES = YES;
				CLANG_WARN_SUSPICIOUS_MOVE = YES;
				CLANG_WARN_UNGUARDED_AVAILABILITY = YES_AGGRESSIVE;
				CLANG_WARN_UNREACHABLE_CODE = YES;
				CLANG_WARN__DUPLICATE_METHOD_MATCH = YES;
				COPY_PHASE_STRIP = NO;
				DEBUG_INFORMATION_FORMAT = "dwarf-with-dsym";
				ENABLE_NS_ASSERTIONS = NO;
				ENABLE_STRICT_OBJC_MSGSEND = YES;
				ENABLE_USER_SCRIPT_SANDBOXING = YES;
				GCC_C_LANGUAGE_STANDARD = gnu17;
				GCC_NO_COMMON_BLOCKS = YES;
				GCC_WARN_64_TO_32_BIT_CONVERSION = YES;
				GCC_WARN_ABOUT_RETURN_TYPE = YES_ERROR;
				GCC_WARN_UNDECLARED_SELECTOR = YES;
				GCC_WARN_UNINITIALIZED_AUTOS = YES_AGGRESSIVE;
				GCC_WARN_UNUSED_FUNCTION = YES;
				GCC_WARN_UNUSED_VARIABLE = YES;
				IPHONEOS_DEPLOYMENT_TARGET = 15.0;
				LOCALIZATION_PREFERS_STRING_CATALOGS = YES;
				MTL_ENABLE_DEBUG_INFO = NO;
				MTL_FAST_MATH = YES;
				SDKROOT = iphoneos;
				SWIFT_COMPILATION_MODE = wholemodule;
				VALIDATE_PRODUCT = YES;
			};
			name = Release;
		};
		5164675D2BA2F64300B3C7E3 /* Debug */ = {
			isa = XCBuildConfiguration;
			buildSettings = {
				ASSETCATALOG_COMPILER_APPICON_NAME = AppIcon;
				ASSETCATALOG_COMPILER_GLOBAL_ACCENT_COLOR_NAME = AccentColor;
				CODE_SIGN_STYLE = Automatic;
				CURRENT_PROJECT_VERSION = 1;
				DEVELOPMENT_TEAM = 4645TSUXP2;
				GENERATE_INFOPLIST_FILE = YES;
				INFOPLIST_FILE = Weather/Info.plist;
				INFOPLIST_KEY_CFBundleDisplayName = Weather;
				INFOPLIST_KEY_LSApplicationCategoryType = "public.app-category.weather";
				INFOPLIST_KEY_UIApplicationSupportsIndirectInputEvents = YES;
				INFOPLIST_KEY_UILaunchStoryboardName = LaunchScreen;
				INFOPLIST_KEY_UISupportedInterfaceOrientations = "UIInterfaceOrientationLandscapeLeft UIInterfaceOrientationLandscapeRight UIInterfaceOrientationPortrait";
				INFOPLIST_KEY_UISupportedInterfaceOrientations_iPad = "UIInterfaceOrientationLandscapeLeft UIInterfaceOrientationLandscapeRight UIInterfaceOrientationPortrait UIInterfaceOrientationPortraitUpsideDown";
				IPHONEOS_DEPLOYMENT_TARGET = 15.0;
				LD_RUNPATH_SEARCH_PATHS = (
					"$(inherited)",
					"@executable_path/Frameworks",
				);
				MARKETING_VERSION = 1.0;
				PRODUCT_BUNDLE_IDENTIFIER = dvrassadin.Weather;
				PRODUCT_NAME = "$(TARGET_NAME)";
				SUPPORTED_PLATFORMS = "iphoneos iphonesimulator";
				SUPPORTS_MACCATALYST = NO;
				SUPPORTS_XR_DESIGNED_FOR_IPHONE_IPAD = NO;
				SWIFT_EMIT_LOC_STRINGS = YES;
				SWIFT_VERSION = 5.0;
				TARGETED_DEVICE_FAMILY = "1,2";
			};
			name = Debug;
		};
		5164675E2BA2F64300B3C7E3 /* Release */ = {
			isa = XCBuildConfiguration;
			buildSettings = {
				ASSETCATALOG_COMPILER_APPICON_NAME = AppIcon;
				ASSETCATALOG_COMPILER_GLOBAL_ACCENT_COLOR_NAME = AccentColor;
				CODE_SIGN_STYLE = Automatic;
				CURRENT_PROJECT_VERSION = 1;
				DEVELOPMENT_TEAM = 4645TSUXP2;
				GENERATE_INFOPLIST_FILE = YES;
				INFOPLIST_FILE = Weather/Info.plist;
				INFOPLIST_KEY_CFBundleDisplayName = Weather;
				INFOPLIST_KEY_LSApplicationCategoryType = "public.app-category.weather";
				INFOPLIST_KEY_UIApplicationSupportsIndirectInputEvents = YES;
				INFOPLIST_KEY_UILaunchStoryboardName = LaunchScreen;
				INFOPLIST_KEY_UISupportedInterfaceOrientations = "UIInterfaceOrientationLandscapeLeft UIInterfaceOrientationLandscapeRight UIInterfaceOrientationPortrait";
				INFOPLIST_KEY_UISupportedInterfaceOrientations_iPad = "UIInterfaceOrientationLandscapeLeft UIInterfaceOrientationLandscapeRight UIInterfaceOrientationPortrait UIInterfaceOrientationPortraitUpsideDown";
				IPHONEOS_DEPLOYMENT_TARGET = 15.0;
				LD_RUNPATH_SEARCH_PATHS = (
					"$(inherited)",
					"@executable_path/Frameworks",
				);
				MARKETING_VERSION = 1.0;
				PRODUCT_BUNDLE_IDENTIFIER = dvrassadin.Weather;
				PRODUCT_NAME = "$(TARGET_NAME)";
				SUPPORTED_PLATFORMS = "iphoneos iphonesimulator";
				SUPPORTS_MACCATALYST = NO;
				SUPPORTS_XR_DESIGNED_FOR_IPHONE_IPAD = NO;
				SWIFT_EMIT_LOC_STRINGS = YES;
				SWIFT_VERSION = 5.0;
				TARGETED_DEVICE_FAMILY = "1,2";
			};
			name = Release;
		};
/* End XCBuildConfiguration section */

/* Begin XCConfigurationList section */
		516467432BA2F64100B3C7E3 /* Build configuration list for PBXProject "Weather" */ = {
			isa = XCConfigurationList;
			buildConfigurations = (
				5164675A2BA2F64300B3C7E3 /* Debug */,
				5164675B2BA2F64300B3C7E3 /* Release */,
			);
			defaultConfigurationIsVisible = 0;
			defaultConfigurationName = Release;
		};
		5164675C2BA2F64300B3C7E3 /* Build configuration list for PBXNativeTarget "Weather" */ = {
			isa = XCConfigurationList;
			buildConfigurations = (
				5164675D2BA2F64300B3C7E3 /* Debug */,
				5164675E2BA2F64300B3C7E3 /* Release */,
			);
			defaultConfigurationIsVisible = 0;
			defaultConfigurationName = Release;
		};
/* End XCConfigurationList section */

/* Begin XCRemoteSwiftPackageReference section */
		5115F9152BA984CE0050F22D /* XCRemoteSwiftPackageReference "Charts" */ = {
			isa = XCRemoteSwiftPackageReference;
			repositoryURL = "https://github.com/danielgindi/Charts";
			requirement = {
				kind = upToNextMajorVersion;
				minimumVersion = 5.1.0;
			};
		};
/* End XCRemoteSwiftPackageReference section */

/* Begin XCSwiftPackageProductDependency section */
		5115F9162BA984CE0050F22D /* DGCharts */ = {
			isa = XCSwiftPackageProductDependency;
			package = 5115F9152BA984CE0050F22D /* XCRemoteSwiftPackageReference "Charts" */;
			productName = DGCharts;
		};
/* End XCSwiftPackageProductDependency section */
	};
	rootObject = 516467402BA2F64100B3C7E3 /* Project object */;
}
